
Microsoft Visual Studio Solution File, Format Version 12.00
# Visual Studio Version 18
VisualStudioVersion = 18.0.11205.157 d18.0
MinimumVisualStudioVersion = 10.0.40219.1
Project("{FAE04EC0-301F-11D3-BF4B-00C04F79EFBC}") = "Alachisoft.NCache.OutputCacheProvider", "AspNetOutputCache\Alachisoft.NCache.OutputCacheProvider.csproj", "{6EBE763B-771D-4763-9EF0-DF44FDF9C744}"
EndProject
Project("{FAE04EC0-301F-11D3-BF4B-00C04F79EFBC}") = "AspNetOutputCache_TestApp", "AspNetOutputCache_TestApp\AspNetOutputCache_TestApp\AspNetOutputCache_TestApp.csproj", "{C1C719D4-0597-46FB-878B-5208B2BBD199}"
EndProject
Global
	GlobalSection(SolutionConfigurationPlatforms) = preSolution
		Debug|Any CPU = Debug|Any CPU
		DebugJvCache|Any CPU = DebugJvCache|Any CPU
		Release.2x|Any CPU = Release.2x|Any CPU
		Release|Any CPU = Release|Any CPU
		ReleaseExpress|Any CPU = ReleaseExpress|Any CPU
		ReleaseJvCache.2x|Any CPU = ReleaseJvCache.2x|Any CPU
		ReleaseJvCache|Any CPU = ReleaseJvCache|Any CPU
	EndGlobalSection
	GlobalSection(ProjectConfigurationPlatforms) = postSolution
		{6EBE763B-771D-4763-9EF0-DF44FDF9C744}.Debug|Any CPU.ActiveCfg = Debug|Any CPU
		{6EBE763B-771D-4763-9EF0-DF44FDF9C744}.Debug|Any CPU.Build.0 = Debug|Any CPU
		{6EBE763B-771D-4763-9EF0-DF44FDF9C744}.DebugJvCache|Any CPU.ActiveCfg = DebugJvCache|Any CPU
		{6EBE763B-771D-4763-9EF0-DF44FDF9C744}.DebugJvCache|Any CPU.Build.0 = DebugJvCache|Any CPU
		{6EBE763B-771D-4763-9EF0-DF44FDF9C744}.Release.2x|Any CPU.ActiveCfg = Release.2x|Any CPU
		{6EBE763B-771D-4763-9EF0-DF44FDF9C744}.Release.2x|Any CPU.Build.0 = Release.2x|Any CPU
		{6EBE763B-771D-4763-9EF0-DF44FDF9C744}.Release|Any CPU.ActiveCfg = Release|Any CPU
		{6EBE763B-771D-4763-9EF0-DF44FDF9C744}.Release|Any CPU.Build.0 = Release|Any CPU
		{6EBE763B-771D-4763-9EF0-DF44FDF9C744}.ReleaseExpress|Any CPU.ActiveCfg = ReleaseExpress|Any CPU
		{6EBE763B-771D-4763-9EF0-DF44FDF9C744}.ReleaseExpress|Any CPU.Build.0 = ReleaseExpress|Any CPU
		{6EBE763B-771D-4763-9EF0-DF44FDF9C744}.ReleaseJvCache.2x|Any CPU.ActiveCfg = ReleaseJvCache.2x|Any CPU
		{6EBE763B-771D-4763-9EF0-DF44FDF9C744}.ReleaseJvCache.2x|Any CPU.Build.0 = ReleaseJvCache.2x|Any CPU
		{6EBE763B-771D-4763-9EF0-DF44FDF9C744}.ReleaseJvCache|Any CPU.ActiveCfg = ReleaseJvCache|Any CPU
		{6EBE763B-771D-4763-9EF0-DF44FDF9C744}.ReleaseJvCache|Any CPU.Build.0 = ReleaseJvCache|Any CPU
		{C1C719D4-0597-46FB-878B-5208B2BBD199}.Debug|Any CPU.ActiveCfg = Debug|Any CPU
		{C1C719D4-0597-46FB-878B-5208B2BBD199}.Debug|Any CPU.Build.0 = Debug|Any CPU
		{C1C719D4-0597-46FB-878B-5208B2BBD199}.DebugJvCache|Any CPU.ActiveCfg = Debug|Any CPU
		{C1C719D4-0597-46FB-878B-5208B2BBD199}.DebugJvCache|Any CPU.Build.0 = Debug|Any CPU
		{C1C719D4-0597-46FB-878B-5208B2BBD199}.Release.2x|Any CPU.ActiveCfg = Release|Any CPU
		{C1C719D4-0597-46FB-878B-5208B2BBD199}.Release.2x|Any CPU.Build.0 = Release|Any CPU
		{C1C719D4-0597-46FB-878B-5208B2BBD199}.Release|Any CPU.ActiveCfg = Release|Any CPU
		{C1C719D4-0597-46FB-878B-5208B2BBD199}.Release|Any CPU.Build.0 = Release|Any CPU
		{C1C719D4-0597-46FB-878B-5208B2BBD199}.ReleaseExpress|Any CPU.ActiveCfg = Release|Any CPU
		{C1C719D4-0597-46FB-878B-5208B2BBD199}.ReleaseExpress|Any CPU.Build.0 = Release|Any CPU
		{C1C719D4-0597-46FB-878B-5208B2BBD199}.ReleaseJvCache.2x|Any CPU.ActiveCfg = Release|Any CPU
		{C1C719D4-0597-46FB-878B-5208B2BBD199}.ReleaseJvCache.2x|Any CPU.Build.0 = Release|Any CPU
		{C1C719D4-0597-46FB-878B-5208B2BBD199}.ReleaseJvCache|Any CPU.ActiveCfg = Release|Any CPU
		{C1C719D4-0597-46FB-878B-5208B2BBD199}.ReleaseJvCache|Any CPU.Build.0 = Release|Any CPU
	EndGlobalSection
	GlobalSection(SolutionProperties) = preSolution
		HideSolutionNode = FALSE
	EndGlobalSection
	GlobalSection(ExtensibilityGlobals) = postSolution
		SolutionGuid = {4BA9E57D-8C9B-415A-8D01-7E8A8465A5ED}
	EndGlobalSection
EndGlobal
