
Microsoft Visual Studio Solution File, Format Version 12.00
# Visual Studio Version 17
VisualStudioVersion = 17.14.37216.2 d17.14
MinimumVisualStudioVersion = 10.0.40219.1
Project("{FAE04EC0-301F-11D3-BF4B-00C04F79EFBC}") = "NCache.ZiggyCreatures.FusionCache.Backplane", "NCache.ZiggyCreatures.FusionCache.Backplane.csproj", "{8EB04A01-8885-6A8C-161D-B7DFF520FBAE}"
EndProject
Project("{FAE04EC0-301F-11D3-BF4B-00C04F79EFBC}") = "ZiggyCreatures.FusionCache.Tests", "..\ZiggyCreatures.FusionCache.Tests\ZiggyCreatures.FusionCache.Tests.csproj", "{6DD51A4B-88DC-C5C7-196E-2287A83352DD}"
EndProject
Global
	GlobalSection(SolutionConfigurationPlatforms) = preSolution
		Debug|Any CPU = Debug|Any CPU
		Release|Any CPU = Release|Any CPU
	EndGlobalSection
	GlobalSection(ProjectConfigurationPlatforms) = postSolution
		{8EB04A01-8885-6A8C-161D-B7DFF520FBAE}.Debug|Any CPU.ActiveCfg = Debug|Any CPU
		{8EB04A01-8885-6A8C-161D-B7DFF520FBAE}.Debug|Any CPU.Build.0 = Debug|Any CPU
		{8EB04A01-8885-6A8C-161D-B7DFF520FBAE}.Release|Any CPU.ActiveCfg = Release|Any CPU
		{8EB04A01-8885-6A8C-161D-B7DFF520FBAE}.Release|Any CPU.Build.0 = Release|Any CPU
		{6DD51A4B-88DC-C5C7-196E-2287A83352DD}.Debug|Any CPU.ActiveCfg = Debug|Any CPU
		{6DD51A4B-88DC-C5C7-196E-2287A83352DD}.Debug|Any CPU.Build.0 = Debug|Any CPU
		{6DD51A4B-88DC-C5C7-196E-2287A83352DD}.Release|Any CPU.ActiveCfg = Release|Any CPU
		{6DD51A4B-88DC-C5C7-196E-2287A83352DD}.Release|Any CPU.Build.0 = Release|Any CPU
	EndGlobalSection
	GlobalSection(SolutionProperties) = preSolution
		HideSolutionNode = FALSE
	EndGlobalSection
	GlobalSection(ExtensibilityGlobals) = postSolution
		SolutionGuid = {7228E42C-EB37-45F2-90A2-06E98601FCED}
	EndGlobalSection
EndGlobal
