
Microsoft Visual Studio Solution File, Format Version 12.00
# Visual Studio Version 17
VisualStudioVersion = 17.14.36811.4
MinimumVisualStudioVersion = 10.0.40219.1
Project("{FAE04EC0-301F-11D3-BF4B-00C04F79EFBC}") = "NCacheRateLimiting_TestApp", "NCacheRateLimiting_TestApp\NCacheRateLimiting_TestApp.csproj", "{F3743A24-E2AA-479A-AD6B-846BF0EC13F1}"
EndProject
Project("{FAE04EC0-301F-11D3-BF4B-00C04F79EFBC}") = "MultiRequestApp", "MultiRequestApp\MultiRequestApp.csproj", "{2FDFB3C5-6ACA-4DF3-8A56-CBA032D75FA7}"
EndProject
Project("{FAE04EC0-301F-11D3-BF4B-00C04F79EFBC}") = "NCacheRateLimiting", "..\NCacheRateLimiting\NCacheRateLimiting.csproj", "{1649B95D-24C0-0835-F123-A86293349EEB}"
EndProject
Global
	GlobalSection(SolutionConfigurationPlatforms) = preSolution
		Debug|Any CPU = Debug|Any CPU
		Release|Any CPU = Release|Any CPU
	EndGlobalSection
	GlobalSection(ProjectConfigurationPlatforms) = postSolution
		{F3743A24-E2AA-479A-AD6B-846BF0EC13F1}.Debug|Any CPU.ActiveCfg = Debug|Any CPU
		{F3743A24-E2AA-479A-AD6B-846BF0EC13F1}.Debug|Any CPU.Build.0 = Debug|Any CPU
		{F3743A24-E2AA-479A-AD6B-846BF0EC13F1}.Release|Any CPU.ActiveCfg = Release|Any CPU
		{F3743A24-E2AA-479A-AD6B-846BF0EC13F1}.Release|Any CPU.Build.0 = Release|Any CPU
		{2FDFB3C5-6ACA-4DF3-8A56-CBA032D75FA7}.Debug|Any CPU.ActiveCfg = Debug|Any CPU
		{2FDFB3C5-6ACA-4DF3-8A56-CBA032D75FA7}.Debug|Any CPU.Build.0 = Debug|Any CPU
		{2FDFB3C5-6ACA-4DF3-8A56-CBA032D75FA7}.Release|Any CPU.ActiveCfg = Release|Any CPU
		{2FDFB3C5-6ACA-4DF3-8A56-CBA032D75FA7}.Release|Any CPU.Build.0 = Release|Any CPU
		{1649B95D-24C0-0835-F123-A86293349EEB}.Debug|Any CPU.ActiveCfg = Debug|Any CPU
		{1649B95D-24C0-0835-F123-A86293349EEB}.Debug|Any CPU.Build.0 = Debug|Any CPU
		{1649B95D-24C0-0835-F123-A86293349EEB}.Release|Any CPU.ActiveCfg = Release|Any CPU
		{1649B95D-24C0-0835-F123-A86293349EEB}.Release|Any CPU.Build.0 = Release|Any CPU
	EndGlobalSection
	GlobalSection(SolutionProperties) = preSolution
		HideSolutionNode = FALSE
	EndGlobalSection
	GlobalSection(ExtensibilityGlobals) = postSolution
		SolutionGuid = {234346B1-7DBC-4FE1-90CA-C4EDC52A4CED}
	EndGlobalSection
EndGlobal
