
Microsoft Visual Studio Solution File, Format Version 12.00
# Visual Studio Version 17
VisualStudioVersion = 17.14.36811.4 d17.14
MinimumVisualStudioVersion = 10.0.40219.1
Project("{9A19103F-16F7-4668-BE54-9A1E7A4F7556}") = "NCache.OSS.AspNetCore.DataProtection", "NCache.OSS.AspNetCore.DataProtection.csproj", "{99C723E6-0158-49BB-815E-F2B6DD93952D}"
EndProject
Project("{FAE04EC0-301F-11D3-BF4B-00C04F79EFBC}") = "Alachisoft.NCache.Client.Extension", "..\..\Extensions\Alachisoft.NCache.Client.Extension\Alachisoft.NCache.Client.Extension.csproj", "{125F2146-D943-E9D9-DB42-6CB3EED4A176}"
EndProject
Global
	GlobalSection(SolutionConfigurationPlatforms) = preSolution
		Debug|Any CPU = Debug|Any CPU
		Release|Any CPU = Release|Any CPU
	EndGlobalSection
	GlobalSection(ProjectConfigurationPlatforms) = postSolution
		{99C723E6-0158-49BB-815E-F2B6DD93952D}.Debug|Any CPU.ActiveCfg = Debug|Any CPU
		{99C723E6-0158-49BB-815E-F2B6DD93952D}.Debug|Any CPU.Build.0 = Debug|Any CPU
		{99C723E6-0158-49BB-815E-F2B6DD93952D}.Release|Any CPU.ActiveCfg = Release|Any CPU
		{99C723E6-0158-49BB-815E-F2B6DD93952D}.Release|Any CPU.Build.0 = Release|Any CPU
		{125F2146-D943-E9D9-DB42-6CB3EED4A176}.Debug|Any CPU.ActiveCfg = Debug|Any CPU
		{125F2146-D943-E9D9-DB42-6CB3EED4A176}.Debug|Any CPU.Build.0 = Debug|Any CPU
		{125F2146-D943-E9D9-DB42-6CB3EED4A176}.Release|Any CPU.ActiveCfg = Release|Any CPU
		{125F2146-D943-E9D9-DB42-6CB3EED4A176}.Release|Any CPU.Build.0 = Release|Any CPU
	EndGlobalSection
	GlobalSection(SolutionProperties) = preSolution
		HideSolutionNode = FALSE
	EndGlobalSection
	GlobalSection(ExtensibilityGlobals) = postSolution
		SolutionGuid = {A8018E13-E25D-47C4-8741-09D97FE1A54B}
	EndGlobalSection
EndGlobal
