
Microsoft Visual Studio Solution File, Format Version 12.00
# Visual Studio Version 18
VisualStudioVersion = 18.7.11903.348 stable
MinimumVisualStudioVersion = 10.0.40219.1
Project("{9A19103F-16F7-4668-BE54-9A1E7A4F7556}") = "NCache.OSS.AspNetCore.DataProtection", "NCache.OSS.AspNetCore.DataProtection.csproj", "{99C723E6-0158-49BB-815E-F2B6DD93952D}"
EndProject
Project("{9A19103F-16F7-4668-BE54-9A1E7A4F7556}") = "DataProtectionTests", "..\DataProtectionTests\DataProtectionTests.csproj", "{C3830161-D3DA-499B-B2EC-EF5EA06D9F2B}"
EndProject
Project("{FAE04EC0-301F-11D3-BF4B-00C04F79EFBC}") = "Alachisoft.NCache.Client.Extension", "..\Alachisoft.NCache.Client.Extension\Alachisoft.NCache.Client.Extension\Alachisoft.NCache.Client.Extension.csproj", "{F987222A-229D-FA54-2BDC-53AE443EECC6}"
EndProject
Global
	GlobalSection(SolutionConfigurationPlatforms) = preSolution
		Debug|Any CPU = Debug|Any CPU
		Release|Any CPU = Release|Any CPU
	EndGlobalSection
	GlobalSection(ProjectConfigurationPlatforms) = postSolution
		{99C723E6-0158-49BB-815E-F2B6DD93952D}.Debug|Any CPU.ActiveCfg = Debug|Any CPU
		{99C723E6-0158-49BB-815E-F2B6DD93952D}.Debug|Any CPU.Build.0 = Debug|Any CPU
		{99C723E6-0158-49BB-815E-F2B6DD93952D}.Release|Any CPU.ActiveCfg = Release|Any CPU
		{99C723E6-0158-49BB-815E-F2B6DD93952D}.Release|Any CPU.Build.0 = Release|Any CPU
		{C3830161-D3DA-499B-B2EC-EF5EA06D9F2B}.Debug|Any CPU.ActiveCfg = Debug|Any CPU
		{C3830161-D3DA-499B-B2EC-EF5EA06D9F2B}.Debug|Any CPU.Build.0 = Debug|Any CPU
		{C3830161-D3DA-499B-B2EC-EF5EA06D9F2B}.Release|Any CPU.ActiveCfg = Release|Any CPU
		{C3830161-D3DA-499B-B2EC-EF5EA06D9F2B}.Release|Any CPU.Build.0 = Release|Any CPU
		{F987222A-229D-FA54-2BDC-53AE443EECC6}.Debug|Any CPU.ActiveCfg = Debug|Any CPU
		{F987222A-229D-FA54-2BDC-53AE443EECC6}.Debug|Any CPU.Build.0 = Debug|Any CPU
		{F987222A-229D-FA54-2BDC-53AE443EECC6}.Release|Any CPU.ActiveCfg = Release|Any CPU
		{F987222A-229D-FA54-2BDC-53AE443EECC6}.Release|Any CPU.Build.0 = Release|Any CPU
	EndGlobalSection
	GlobalSection(SolutionProperties) = preSolution
		HideSolutionNode = FALSE
	EndGlobalSection
	GlobalSection(ExtensibilityGlobals) = postSolution
		SolutionGuid = {A8018E13-E25D-47C4-8741-09D97FE1A54B}
	EndGlobalSection
EndGlobal
