
Microsoft Visual Studio Solution File, Format Version 12.00
# Visual Studio Version 17
VisualStudioVersion = 17.14.36811.4
MinimumVisualStudioVersion = 10.0.40219.1
Project("{FAE04EC0-301F-11D3-BF4B-00C04F79EFBC}") = "NCacheRateLimiting", "NCacheRateLimiting\NCacheRateLimiting.csproj", "{04939FFB-FF94-4310-A8C5-5649B9E47504}"
EndProject
Project("{FAE04EC0-301F-11D3-BF4B-00C04F79EFBC}") = "Alachisoft.NCache.Client.Extension", "..\Extensions\Alachisoft.NCache.Client.Extension\Alachisoft.NCache.Client.Extension.csproj", "{F987222A-229D-FA54-2BDC-53AE443EECC6}"
EndProject
Global
	GlobalSection(SolutionConfigurationPlatforms) = preSolution
		Debug|Any CPU = Debug|Any CPU
		Release|Any CPU = Release|Any CPU
	EndGlobalSection
	GlobalSection(ProjectConfigurationPlatforms) = postSolution
		{04939FFB-FF94-4310-A8C5-5649B9E47504}.Debug|Any CPU.ActiveCfg = Debug|Any CPU
		{04939FFB-FF94-4310-A8C5-5649B9E47504}.Debug|Any CPU.Build.0 = Debug|Any CPU
		{04939FFB-FF94-4310-A8C5-5649B9E47504}.Release|Any CPU.ActiveCfg = Release|Any CPU
		{04939FFB-FF94-4310-A8C5-5649B9E47504}.Release|Any CPU.Build.0 = Release|Any CPU
		{F987222A-229D-FA54-2BDC-53AE443EECC6}.Debug|Any CPU.ActiveCfg = Debug|Any CPU
		{F987222A-229D-FA54-2BDC-53AE443EECC6}.Debug|Any CPU.Build.0 = Debug|Any CPU
		{F987222A-229D-FA54-2BDC-53AE443EECC6}.Release|Any CPU.ActiveCfg = Release|Any CPU
		{F987222A-229D-FA54-2BDC-53AE443EECC6}.Release|Any CPU.Build.0 = Release|Any CPU
	EndGlobalSection
	GlobalSection(SolutionProperties) = preSolution
		HideSolutionNode = FALSE
	EndGlobalSection
	GlobalSection(ExtensibilityGlobals) = postSolution
		SolutionGuid = {961196D1-7FB2-4D8A-A99B-5BDD240953B0}
	EndGlobalSection
EndGlobal
